
Microsoft Visual Studio Solution File, Format Version 12.00
# Visual Studio 15
Project("{FAE04EC0-301F-11D3-BF4B-00C04F79EFBC}") = "Assembly-CSharp-firstpass", "Assembly-CSharp-firstpass.csproj", "{CBE3BF66-9652-F1EB-C72E-F908FAC962AE}"
EndProject
Project("{FAE04EC0-301F-11D3-BF4B-00C04F79EFBC}") = "Assembly-CSharp", "Assembly-CSharp.csproj", "{9207352D-E9D7-438E-9138-A626F4FBCCF6}"
EndProject
Project("{FAE04EC0-301F-11D3-BF4B-00C04F79EFBC}") = "Assembly-CSharp-Editor-firstpass", "Assembly-CSharp-Editor-firstpass.csproj", "{C37B0505-7E0D-4241-0F3B-D16AEE59643C}"
EndProject
Project("{FAE04EC0-301F-11D3-BF4B-00C04F79EFBC}") = "Assembly-CSharp-Editor", "Assembly-CSharp-Editor.csproj", "{95C7465F-457E-A467-16D3-F1D98764CD62}"
EndProject
Global
	GlobalSection(SolutionConfigurationPlatforms) = preSolution
		Debug|Any CPU = Debug|Any CPU
		Release|Any CPU = Release|Any CPU
	EndGlobalSection
	GlobalSection(ProjectConfigurationPlatforms) = postSolution
		{CBE3BF66-9652-F1EB-C72E-F908FAC962AE}.Debug|Any CPU.ActiveCfg = Debug|Any CPU
		{CBE3BF66-9652-F1EB-C72E-F908FAC962AE}.Debug|Any CPU.Build.0 = Debug|Any CPU
		{CBE3BF66-9652-F1EB-C72E-F908FAC962AE}.Release|Any CPU.ActiveCfg = Release|Any CPU
		{CBE3BF66-9652-F1EB-C72E-F908FAC962AE}.Release|Any CPU.Build.0 = Release|Any CPU
		{9207352D-E9D7-438E-9138-A626F4FBCCF6}.Debug|Any CPU.ActiveCfg = Debug|Any CPU
		{9207352D-E9D7-438E-9138-A626F4FBCCF6}.Debug|Any CPU.Build.0 = Debug|Any CPU
		{9207352D-E9D7-438E-9138-A626F4FBCCF6}.Release|Any CPU.ActiveCfg = Release|Any CPU
		{9207352D-E9D7-438E-9138-A626F4FBCCF6}.Release|Any CPU.Build.0 = Release|Any CPU
		{C37B0505-7E0D-4241-0F3B-D16AEE59643C}.Debug|Any CPU.ActiveCfg = Debug|Any CPU
		{C37B0505-7E0D-4241-0F3B-D16AEE59643C}.Debug|Any CPU.Build.0 = Debug|Any CPU
		{C37B0505-7E0D-4241-0F3B-D16AEE59643C}.Release|Any CPU.ActiveCfg = Release|Any CPU
		{C37B0505-7E0D-4241-0F3B-D16AEE59643C}.Release|Any CPU.Build.0 = Release|Any CPU
		{95C7465F-457E-A467-16D3-F1D98764CD62}.Debug|Any CPU.ActiveCfg = Debug|Any CPU
		{95C7465F-457E-A467-16D3-F1D98764CD62}.Debug|Any CPU.Build.0 = Debug|Any CPU
		{95C7465F-457E-A467-16D3-F1D98764CD62}.Release|Any CPU.ActiveCfg = Release|Any CPU
		{95C7465F-457E-A467-16D3-F1D98764CD62}.Release|Any CPU.Build.0 = Release|Any CPU
	EndGlobalSection
	GlobalSection(SolutionProperties) = preSolution
		HideSolutionNode = FALSE
	EndGlobalSection
EndGlobal
